// !$*UTF8*$!
{
	archiveVersion = 1;
	classes = {
	};
	objectVersion = 56;
	objects = {

/* Begin PBXBuildFile section */
		83CB4B502C98160500599872 /* DynamicNoteCalculatorApp.swift in Sources */ = {isa = PBXBuildFile; fileRef = 83CB4B4F2C98160500599872 /* DynamicNoteCalculatorApp.swift */; };
		83CB4B522C98160500599872 /* ContentView.swift in Sources */ = {isa = PBXBuildFile; fileRef = 83CB4B512C98160500599872 /* ContentView.swift */; };
		83CB4B542C98160600599872 /* Assets.xcassets in Resources */ = {isa = PBXBuildFile; fileRef = 83CB4B532C98160600599872 /* Assets.xcassets */; };
		83CB4B572C98160600599872 /* Preview Assets.xcassets in Resources */ = {isa = PBXBuildFile; fileRef = 83CB4B562C98160600599872 /* Preview Assets.xcassets */; };
		83CB4B612C98160600599872 /* DynamicNoteCalculatorTests.swift in Sources */ = {isa = PBXBuildFile; fileRef = 83CB4B602C98160600599872 /* DynamicNoteCalculatorTests.swift */; };
		83CB4B6B2C98160600599872 /* DynamicNoteCalculatorUITests.swift in Sources */ = {isa = PBXBuildFile; fileRef = 83CB4B6A2C98160600599872 /* DynamicNoteCalculatorUITests.swift */; };
		83CB4B6D2C98160600599872 /* DynamicNoteCalculatorUITestsLaunchTests.swift in Sources */ = {isa = PBXBuildFile; fileRef = 83CB4B6C2C98160600599872 /* DynamicNoteCalculatorUITestsLaunchTests.swift */; };
		83CB4B7A2C98191C00599872 /* Course.swift in Sources */ = {isa = PBXBuildFile; fileRef = 83CB4B792C98191C00599872 /* Course.swift */; };
/* End PBXBuildFile section */

/* Begin PBXContainerItemProxy section */
		83CB4B5D2C98160600599872 /* PBXContainerItemProxy */ = {
			isa = PBXContainerItemProxy;
			containerPortal = 83CB4B442C98160500599872 /* Project object */;
			proxyType = 1;
			remoteGlobalIDString = 83CB4B4B2C98160500599872;
			remoteInfo = DynamicNoteCalculator;
		};
		83CB4B672C98160600599872 /* PBXContainerItemProxy */ = {
			isa = PBXContainerItemProxy;
			containerPortal = 83CB4B442C98160500599872 /* Project object */;
			proxyType = 1;
			remoteGlobalIDString = 83CB4B4B2C98160500599872;
			remoteInfo = DynamicNoteCalculator;
		};
/* End PBXContainerItemProxy section */

/* Begin PBXFileReference section */
		83CB4B4C2C98160500599872 /* DynamicNoteCalculator.app */ = {isa = PBXFileReference; explicitFileType = wrapper.application; includeInIndex = 0; path = DynamicNoteCalculator.app; sourceTree = BUILT_PRODUCTS_DIR; };
		83CB4B4F2C98160500599872 /* DynamicNoteCalculatorApp.swift */ = {isa = PBXFileReference; lastKnownFileType = sourcecode.swift; path = DynamicNoteCalculatorApp.swift; sourceTree = "<group>"; };
		83CB4B512C98160500599872 /* ContentView.swift */ = {isa = PBXFileReference; lastKnownFileType = sourcecode.swift; path = ContentView.swift; sourceTree = "<group>"; };
		83CB4B532C98160600599872 /* Assets.xcassets */ = {isa = PBXFileReference; lastKnownFileType = folder.assetcatalog; path = Assets.xcassets; sourceTree = "<group>"; };
		83CB4B562C98160600599872 /* Preview Assets.xcassets */ = {isa = PBXFileReference; lastKnownFileType = folder.assetcatalog; path = "Preview Assets.xcassets"; sourceTree = "<group>"; };
		83CB4B5C2C98160600599872 /* DynamicNoteCalculatorTests.xctest */ = {isa = PBXFileReference; explicitFileType = wrapper.cfbundle; includeInIndex = 0; path = DynamicNoteCalculatorTests.xctest; sourceTree = BUILT_PRODUCTS_DIR; };
		83CB4B602C98160600599872 /* DynamicNoteCalculatorTests.swift */ = {isa = PBXFileReference; lastKnownFileType = sourcecode.swift; path = DynamicNoteCalculatorTests.swift; sourceTree = "<group>"; };
		83CB4B662C98160600599872 /* DynamicNoteCalculatorUITests.xctest */ = {isa = PBXFileReference; explicitFileType = wrapper.cfbundle; includeInIndex = 0; path = DynamicNoteCalculatorUITests.xctest; sourceTree = BUILT_PRODUCTS_DIR; };
		83CB4B6A2C98160600599872 /* DynamicNoteCalculatorUITests.swift */ = {isa = PBXFileReference; lastKnownFileType = sourcecode.swift; path = DynamicNoteCalculatorUITests.swift; sourceTree = "<group>"; };
		83CB4B6C2C98160600599872 /* DynamicNoteCalculatorUITestsLaunchTests.swift */ = {isa = PBXFileReference; lastKnownFileType = sourcecode.swift; path = DynamicNoteCalculatorUITestsLaunchTests.swift; sourceTree = "<group>"; };
		83CB4B792C98191C00599872 /* Course.swift */ = {isa = PBXFileReference; lastKnownFileType = sourcecode.swift; path = Course.swift; sourceTree = "<group>"; };
/* End PBXFileReference section */

/* Begin PBXFrameworksBuildPhase section */
		83CB4B492C98160500599872 /* Frameworks */ = {
			isa = PBXFrameworksBuildPhase;
			buildActionMask = 2147483647;
			files = (
			);
			runOnlyForDeploymentPostprocessing = 0;
		};
		83CB4B592C98160600599872 /* Frameworks */ = {
			isa = PBXFrameworksBuildPhase;
			buildActionMask = 2147483647;
			files = (
			);
			runOnlyForDeploymentPostprocessing = 0;
		};
		83CB4B632C98160600599872 /* Frameworks */ = {
			isa = PBXFrameworksBuildPhase;
			buildActionMask = 2147483647;
			files = (
			);
			runOnlyForDeploymentPostprocessing = 0;
		};
/* End PBXFrameworksBuildPhase section */

/* Begin PBXGroup section */
		83CB4B432C98160500599872 = {
			isa = PBXGroup;
			children = (
				83CB4B4E2C98160500599872 /* DynamicNoteCalculator */,
				83CB4B5F2C98160600599872 /* DynamicNoteCalculatorTests */,
				83CB4B692C98160600599872 /* DynamicNoteCalculatorUITests */,
				83CB4B4D2C98160500599872 /* Products */,
			);
			sourceTree = "<group>";
		};
		83CB4B4D2C98160500599872 /* Products */ = {
			isa = PBXGroup;
			children = (
				83CB4B4C2C98160500599872 /* DynamicNoteCalculator.app */,
				83CB4B5C2C98160600599872 /* DynamicNoteCalculatorTests.xctest */,
				83CB4B662C98160600599872 /* DynamicNoteCalculatorUITests.xctest */,
			);
			name = Products;
			sourceTree = "<group>";
		};
		83CB4B4E2C98160500599872 /* DynamicNoteCalculator */ = {
			isa = PBXGroup;
			children = (
				83CB4B4F2C98160500599872 /* DynamicNoteCalculatorApp.swift */,
				83CB4B512C98160500599872 /* ContentView.swift */,
				83CB4B792C98191C00599872 /* Course.swift */,
				83CB4B532C98160600599872 /* Assets.xcassets */,
				83CB4B552C98160600599872 /* Preview Content */,
			);
			path = DynamicNoteCalculator;
			sourceTree = "<group>";
		};
		83CB4B552C98160600599872 /* Preview Content */ = {
			isa = PBXGroup;
			children = (
				83CB4B562C98160600599872 /* Preview Assets.xcassets */,
			);
			path = "Preview Content";
			sourceTree = "<group>";
		};
		83CB4B5F2C98160600599872 /* DynamicNoteCalculatorTests */ = {
			isa = PBXGroup;
			children = (
				83CB4B602C98160600599872 /* DynamicNoteCalculatorTests.swift */,
			);
			path = DynamicNoteCalculatorTests;
			sourceTree = "<group>";
		};
		83CB4B692C98160600599872 /* DynamicNoteCalculatorUITests */ = {
			isa = PBXGroup;
			children = (
				83CB4B6A2C98160600599872 /* DynamicNoteCalculatorUITests.swift */,
				83CB4B6C2C98160600599872 /* DynamicNoteCalculatorUITestsLaunchTests.swift */,
			);
			path = DynamicNoteCalculatorUITests;
			sourceTree = "<group>";
		};
/* End PBXGroup section */

/* Begin PBXNativeTarget section */
		83CB4B4B2C98160500599872 /* DynamicNoteCalculator */ = {
			isa = PBXNativeTarget;
			buildConfigurationList = 83CB4B702C98160600599872 /* Build configuration list for PBXNativeTarget "DynamicNoteCalculator" */;
			buildPhases = (
				83CB4B482C98160500599872 /* Sources */,
				83CB4B492C98160500599872 /* Frameworks */,
				83CB4B4A2C98160500599872 /* Resources */,
			);
			buildRules = (
			);
			dependencies = (
			);
			name = DynamicNoteCalculator;
			productName = DynamicNoteCalculator;
			productReference = 83CB4B4C2C98160500599872 /* DynamicNoteCalculator.app */;
			productType = "com.apple.product-type.application";
		};
		83CB4B5B2C98160600599872 /* DynamicNoteCalculatorTests */ = {
			isa = PBXNativeTarget;
			buildConfigurationList = 83CB4B732C98160600599872 /* Build configuration list for PBXNativeTarget "DynamicNoteCalculatorTests" */;
			buildPhases = (
				83CB4B582C98160600599872 /* Sources */,
				83CB4B592C98160600599872 /* Frameworks */,
				83CB4B5A2C98160600599872 /* Resources */,
			);
			buildRules = (
			);
			dependencies = (
				83CB4B5E2C98160600599872 /* PBXTargetDependency */,
			);
			name = DynamicNoteCalculatorTests;
			productName = DynamicNoteCalculatorTests;
			productReference = 83CB4B5C2C98160600599872 /* DynamicNoteCalculatorTests.xctest */;
			productType = "com.apple.product-type.bundle.unit-test";
		};
		83CB4B652C98160600599872 /* DynamicNoteCalculatorUITests */ = {
			isa = PBXNativeTarget;
			buildConfigurationList = 83CB4B762C98160600599872 /* Build configuration list for PBXNativeTarget "DynamicNoteCalculatorUITests" */;
			buildPhases = (
				83CB4B622C98160600599872 /* Sources */,
				83CB4B632C98160600599872 /* Frameworks */,
				83CB4B642C98160600599872 /* Resources */,
			);
			buildRules = (
			);
			dependencies = (
				83CB4B682C98160600599872 /* PBXTargetDependency */,
			);
			name = DynamicNoteCalculatorUITests;
			productName = DynamicNoteCalculatorUITests;
			productReference = 83CB4B662C98160600599872 /* DynamicNoteCalculatorUITests.xctest */;
			productType = "com.apple.product-type.bundle.ui-testing";
		};
/* End PBXNativeTarget section */

/* Begin PBXProject section */
		83CB4B442C98160500599872 /* Project object */ = {
			isa = PBXProject;
			attributes = {
				BuildIndependentTargetsInParallel = 1;
				LastSwiftUpdateCheck = 1540;
				LastUpgradeCheck = 1540;
				TargetAttributes = {
					83CB4B4B2C98160500599872 = {
						CreatedOnToolsVersion = 15.4;
					};
					83CB4B5B2C98160600599872 = {
						CreatedOnToolsVersion = 15.4;
						TestTargetID = 83CB4B4B2C98160500599872;
					};
					83CB4B652C98160600599872 = {
						CreatedOnToolsVersion = 15.4;
						TestTargetID = 83CB4B4B2C98160500599872;
					};
				};
			};
			buildConfigurationList = 83CB4B472C98160500599872 /* Build configuration list for PBXProject "DynamicNoteCalculator" */;
			compatibilityVersion = "Xcode 14.0";
			developmentRegion = en;
			hasScannedForEncodings = 0;
			knownRegions = (
				en,
				Base,
			);
			mainGroup = 83CB4B432C98160500599872;
			productRefGroup = 83CB4B4D2C98160500599872 /* Products */;
			projectDirPath = "";
			projectRoot = "";
			targets = (
				83CB4B4B2C98160500599872 /* DynamicNoteCalculator */,
				83CB4B5B2C98160600599872 /* DynamicNoteCalculatorTests */,
				83CB4B652C98160600599872 /* DynamicNoteCalculatorUITests */,
			);
		};
/* End PBXProject section */

/* Begin PBXResourcesBuildPhase section */
		83CB4B4A2C98160500599872 /* Resources */ = {
			isa = PBXResourcesBuildPhase;
			buildActionMask = 2147483647;
			files = (
				83CB4B572C98160600599872 /* Preview Assets.xcassets in Resources */,
				83CB4B542C98160600599872 /* Assets.xcassets in Resources */,
			);
			runOnlyForDeploymentPostprocessing = 0;
		};
		83CB4B5A2C98160600599872 /* Resources */ = {
			isa = PBXResourcesBuildPhase;
			buildActionMask = 2147483647;
			files = (
			);
			runOnlyForDeploymentPostprocessing = 0;
		};
		83CB4B642C98160600599872 /* Resources */ = {
			isa = PBXResourcesBuildPhase;
			buildActionMask = 2147483647;
			files = (
			);
			runOnlyForDeploymentPostprocessing = 0;
		};
/* End PBXResourcesBuildPhase section */

/* Begin PBXSourcesBuildPhase section */
		83CB4B482C98160500599872 /* Sources */ = {
			isa = PBXSourcesBuildPhase;
			buildActionMask = 2147483647;
			files = (
				83CB4B7A2C98191C00599872 /* Course.swift in Sources */,
				83CB4B522C98160500599872 /* ContentView.swift in Sources */,
				83CB4B502C98160500599872 /* DynamicNoteCalculatorApp.swift in Sources */,
			);
			runOnlyForDeploymentPostprocessing = 0;
		};
		83CB4B582C98160600599872 /* Sources */ = {
			isa = PBXSourcesBuildPhase;
			buildActionMask = 2147483647;
			files = (
				83CB4B612C98160600599872 /* DynamicNoteCalculatorTests.swift in Sources */,
			);
			runOnlyForDeploymentPostprocessing = 0;
		};
		83CB4B622C98160600599872 /* Sources */ = {
			isa = PBXSourcesBuildPhase;
			buildActionMask = 2147483647;
			files = (
				83CB4B6D2C98160600599872 /* DynamicNoteCalculatorUITestsLaunchTests.swift in Sources */,
				83CB4B6B2C98160600599872 /* DynamicNoteCalculatorUITests.swift in Sources */,
			);
			runOnlyForDeploymentPostprocessing = 0;
		};
/* End PBXSourcesBuildPhase section */

/* Begin PBXTargetDependency section */
		83CB4B5E2C98160600599872 /* PBXTargetDependency */ = {
			isa = PBXTargetDependency;
			target = 83CB4B4B2C98160500599872 /* DynamicNoteCalculator */;
			targetProxy = 83CB4B5D2C98160600599872 /* PBXContainerItemProxy */;
		};
		83CB4B682C98160600599872 /* PBXTargetDependency */ = {
			isa = PBXTargetDependency;
			target = 83CB4B4B2C98160500599872 /* DynamicNoteCalculator */;
			targetProxy = 83CB4B672C98160600599872 /* PBXContainerItemProxy */;
		};
/* End PBXTargetDependency section */

/* Begin XCBuildConfiguration section */
		83CB4B6E2C98160600599872 /* Debug */ = {
			isa = XCBuildConfiguration;
			buildSettings = {
				ALWAYS_SEARCH_USER_PATHS = NO;
				ASSETCATALOG_COMPILER_GENERATE_SWIFT_ASSET_SYMBOL_EXTENSIONS = YES;
				CLANG_ANALYZER_NONNULL = YES;
				CLANG_ANALYZER_NUMBER_OBJECT_CONVERSION = YES_AGGRESSIVE;
				CLANG_CXX_LANGUAGE_STANDARD = "gnu++20";
				CLANG_ENABLE_MODULES = YES;
				CLANG_ENABLE_OBJC_ARC = YES;
				CLANG_ENABLE_OBJC_WEAK = YES;
				CLANG_WARN_BLOCK_CAPTURE_AUTORELEASING = YES;
				CLANG_WARN_BOOL_CONVERSION = YES;
				CLANG_WARN_COMMA = YES;
				CLANG_WARN_CONSTANT_CONVERSION = YES;
				CLANG_WARN_DEPRECATED_OBJC_IMPLEMENTATIONS = YES;
				CLANG_WARN_DIRECT_OBJC_ISA_USAGE = YES_ERROR;
				CLANG_WARN_DOCUMENTATION_COMMENTS = YES;
				CLANG_WARN_EMPTY_BODY = YES;
				CLANG_WARN_ENUM_CONVERSION = YES;
				CLANG_WARN_INFINITE_RECURSION = YES;
				CLANG_WARN_INT_CONVERSION = YES;
				CLANG_WARN_NON_LITERAL_NULL_CONVERSION = YES;
				CLANG_WARN_OBJC_IMPLICIT_RETAIN_SELF = YES;
				CLANG_WARN_OBJC_LITERAL_CONVERSION = YES;
				CLANG_WARN_OBJC_ROOT_CLASS = YES_ERROR;
				CLANG_WARN_QUOTED_INCLUDE_IN_FRAMEWORK_HEADER = YES;
				CLANG_WARN_RANGE_LOOP_ANALYSIS = YES;
				CLANG_WARN_STRICT_PROTOTYPES = YES;
				CLANG_WARN_SUSPICIOUS_MOVE = YES;
				CLANG_WARN_UNGUARDED_AVAILABILITY = YES_AGGRESSIVE;
				CLANG_WARN_UNREACHABLE_CODE = YES;
				CLANG_WARN__DUPLICATE_METHOD_MATCH = YES;
				COPY_PHASE_STRIP = NO;
				DEBUG_INFORMATION_FORMAT = dwarf;
				ENABLE_STRICT_OBJC_MSGSEND = YES;
				ENABLE_TESTABILITY = YES;
				ENABLE_USER_SCRIPT_SANDBOXING = YES;
				GCC_C_LANGUAGE_STANDARD = gnu17;
				GCC_DYNAMIC_NO_PIC = NO;
				GCC_NO_COMMON_BLOCKS = YES;
				GCC_OPTIMIZATION_LEVEL = 0;
				GCC_PREPROCESSOR_DEFINITIONS = (
					"DEBUG=1",
					"$(inherited)",
				);
				GCC_WARN_64_TO_32_BIT_CONVERSION = YES;
				GCC_WARN_ABOUT_RETURN_TYPE = YES_ERROR;
				GCC_WARN_UNDECLARED_SELECTOR = YES;
				GCC_WARN_UNINITIALIZED_AUTOS = YES_AGGRESSIVE;
				GCC_WARN_UNUSED_FUNCTION = YES;
				GCC_WARN_UNUSED_VARIABLE = YES;
				IPHONEOS_DEPLOYMENT_TARGET = 17.5;
				LOCALIZATION_PREFERS_STRING_CATALOGS = YES;
				MTL_ENABLE_DEBUG_INFO = INCLUDE_SOURCE;
				MTL_FAST_MATH = YES;
				ONLY_ACTIVE_ARCH = YES;
				SDKROOT = iphoneos;
				SWIFT_ACTIVE_COMPILATION_CONDITIONS = "DEBUG $(inherited)";
				SWIFT_OPTIMIZATION_LEVEL = "-Onone";
			};
			name = Debug;
		};
		83CB4B6F2C98160600599872 /* Release */ = {
			isa = XCBuildConfiguration;
			buildSettings = {
				ALWAYS_SEARCH_USER_PATHS = NO;
				ASSETCATALOG_COMPILER_GENERATE_SWIFT_ASSET_SYMBOL_EXTENSIONS = YES;
				CLANG_ANALYZER_NONNULL = YES;
				CLANG_ANALYZER_NUMBER_OBJECT_CONVERSION = YES_AGGRESSIVE;
				CLANG_CXX_LANGUAGE_STANDARD = "gnu++20";
				CLANG_ENABLE_MODULES = YES;
				CLANG_ENABLE_OBJC_ARC = YES;
				CLANG_ENABLE_OBJC_WEAK = YES;
				CLANG_WARN_BLOCK_CAPTURE_AUTORELEASING = YES;
				CLANG_WARN_BOOL_CONVERSION = YES;
				CLANG_WARN_COMMA = YES;
				CLANG_WARN_CONSTANT_CONVERSION = YES;
				CLANG_WARN_DEPRECATED_OBJC_IMPLEMENTATIONS = YES;
				CLANG_WARN_DIRECT_OBJC_ISA_USAGE = YES_ERROR;
				CLANG_WARN_DOCUMENTATION_COMMENTS = YES;
				CLANG_WARN_EMPTY_BODY = YES;
				CLANG_WARN_ENUM_CONVERSION = YES;
				CLANG_WARN_INFINITE_RECURSION = YES;
				CLANG_WARN_INT_CONVERSION = YES;
				CLANG_WARN_NON_LITERAL_NULL_CONVERSION = YES;
				CLANG_WARN_OBJC_IMPLICIT_RETAIN_SELF = YES;
				CLANG_WARN_OBJC_LITERAL_CONVERSION = YES;
				CLANG_WARN_OBJC_ROOT_CLASS = YES_ERROR;
				CLANG_WARN_QUOTED_INCLUDE_IN_FRAMEWORK_HEADER = YES;
				CLANG_WARN_RANGE_LOOP_ANALYSIS = YES;
				CLANG_WARN_STRICT_PROTOTYPES = YES;
				CLANG_WARN_SUSPICIOUS_MOVE = YES;
				CLANG_WARN_UNGUARDED_AVAILABILITY = YES_AGGRESSIVE;
				CLANG_WARN_UNREACHABLE_CODE = YES;
				CLANG_WARN__DUPLICATE_METHOD_MATCH = YES;
				COPY_PHASE_STRIP = NO;
				DEBUG_INFORMATION_FORMAT = "dwarf-with-dsym";
				ENABLE_NS_ASSERTIONS = NO;
				ENABLE_STRICT_OBJC_MSGSEND = YES;
				ENABLE_USER_SCRIPT_SANDBOXING = YES;
				GCC_C_LANGUAGE_STANDARD = gnu17;
				GCC_NO_COMMON_BLOCKS = YES;
				GCC_WARN_64_TO_32_BIT_CONVERSION = YES;
				GCC_WARN_ABOUT_RETURN_TYPE = YES_ERROR;
				GCC_WARN_UNDECLARED_SELECTOR = YES;
				GCC_WARN_UNINITIALIZED_AUTOS = YES_AGGRESSIVE;
				GCC_WARN_UNUSED_FUNCTION = YES;
				GCC_WARN_UNUSED_VARIABLE = YES;
				IPHONEOS_DEPLOYMENT_TARGET = 17.5;
				LOCALIZATION_PREFERS_STRING_CATALOGS = YES;
				MTL_ENABLE_DEBUG_INFO = NO;
				MTL_FAST_MATH = YES;
				SDKROOT = iphoneos;
				SWIFT_COMPILATION_MODE = wholemodule;
				VALIDATE_PRODUCT = YES;
			};
			name = Release;
		};
		83CB4B712C98160600599872 /* Debug */ = {
			isa = XCBuildConfiguration;
			buildSettings = {
				ASSETCATALOG_COMPILER_APPICON_NAME = AppIcon;
				ASSETCATALOG_COMPILER_GLOBAL_ACCENT_COLOR_NAME = AccentColor;
				CODE_SIGN_STYLE = Automatic;
				CURRENT_PROJECT_VERSION = 1;
				DEVELOPMENT_ASSET_PATHS = "\"DynamicNoteCalculator/Preview Content\"";
				DEVELOPMENT_TEAM = PD34JFKS85;
				ENABLE_PREVIEWS = YES;
				GENERATE_INFOPLIST_FILE = YES;
				INFOPLIST_KEY_UIApplicationSceneManifest_Generation = YES;
				INFOPLIST_KEY_UIApplicationSupportsIndirectInputEvents = YES;
				INFOPLIST_KEY_UILaunchScreen_Generation = YES;
				INFOPLIST_KEY_UISupportedInterfaceOrientations_iPad = "UIInterfaceOrientationPortrait UIInterfaceOrientationPortraitUpsideDown UIInterfaceOrientationLandscapeLeft UIInterfaceOrientationLandscapeRight";
				INFOPLIST_KEY_UISupportedInterfaceOrientations_iPhone = "UIInterfaceOrientationPortrait UIInterfaceOrientationLandscapeLeft UIInterfaceOrientationLandscapeRight";
				LD_RUNPATH_SEARCH_PATHS = (
					"$(inherited)",
					"@executable_path/Frameworks",
				);
				MARKETING_VERSION = 1.0;
				PRODUCT_BUNDLE_IDENTIFIER = com.sarpusta.DynamicNoteCalculator;
				PRODUCT_NAME = "$(TARGET_NAME)";
				SWIFT_EMIT_LOC_STRINGS = YES;
				SWIFT_VERSION = 5.0;
				TARGETED_DEVICE_FAMILY = "1,2";
			};
			name = Debug;
		};
		83CB4B722C98160600599872 /* Release */ = {
			isa = XCBuildConfiguration;
			buildSettings = {
				ASSETCATALOG_COMPILER_APPICON_NAME = AppIcon;
				ASSETCATALOG_COMPILER_GLOBAL_ACCENT_COLOR_NAME = AccentColor;
				CODE_SIGN_STYLE = Automatic;
				CURRENT_PROJECT_VERSION = 1;
				DEVELOPMENT_ASSET_PATHS = "\"DynamicNoteCalculator/Preview Content\"";
				DEVELOPMENT_TEAM = PD34JFKS85;
				ENABLE_PREVIEWS = YES;
				GENERATE_INFOPLIST_FILE = YES;
				INFOPLIST_KEY_UIApplicationSceneManifest_Generation = YES;
				INFOPLIST_KEY_UIApplicationSupportsIndirectInputEvents = YES;
				INFOPLIST_KEY_UILaunchScreen_Generation = YES;
				INFOPLIST_KEY_UISupportedInterfaceOrientations_iPad = "UIInterfaceOrientationPortrait UIInterfaceOrientationPortraitUpsideDown UIInterfaceOrientationLandscapeLeft UIInterfaceOrientationLandscapeRight";
				INFOPLIST_KEY_UISupportedInterfaceOrientations_iPhone = "UIInterfaceOrientationPortrait UIInterfaceOrientationLandscapeLeft UIInterfaceOrientationLandscapeRight";
				LD_RUNPATH_SEARCH_PATHS = (
					"$(inherited)",
					"@executable_path/Frameworks",
				);
				MARKETING_VERSION = 1.0;
				PRODUCT_BUNDLE_IDENTIFIER = com.sarpusta.DynamicNoteCalculator;
				PRODUCT_NAME = "$(TARGET_NAME)";
				SWIFT_EMIT_LOC_STRINGS = YES;
				SWIFT_VERSION = 5.0;
				TARGETED_DEVICE_FAMILY = "1,2";
			};
			name = Release;
		};
		83CB4B742C98160600599872 /* Debug */ = {
			isa = XCBuildConfiguration;
			buildSettings = {
				ALWAYS_EMBED_SWIFT_STANDARD_LIBRARIES = YES;
				BUNDLE_LOADER = "$(TEST_HOST)";
				CODE_SIGN_STYLE = Automatic;
				CURRENT_PROJECT_VERSION = 1;
				DEVELOPMENT_TEAM = PD34JFKS85;
				GENERATE_INFOPLIST_FILE = YES;
				IPHONEOS_DEPLOYMENT_TARGET = 17.5;
				MARKETING_VERSION = 1.0;
				PRODUCT_BUNDLE_IDENTIFIER = com.sarpusta.DynamicNoteCalculatorTests;
				PRODUCT_NAME = "$(TARGET_NAME)";
				SWIFT_EMIT_LOC_STRINGS = NO;
				SWIFT_VERSION = 5.0;
				TARGETED_DEVICE_FAMILY = "1,2";
				TEST_HOST = "$(BUILT_PRODUCTS_DIR)/DynamicNoteCalculator.app/$(BUNDLE_EXECUTABLE_FOLDER_PATH)/DynamicNoteCalculator";
			};
			name = Debug;
		};
		83CB4B752C98160600599872 /* Release */ = {
			isa = XCBuildConfiguration;
			buildSettings = {
				ALWAYS_EMBED_SWIFT_STANDARD_LIBRARIES = YES;
				BUNDLE_LOADER = "$(TEST_HOST)";
				CODE_SIGN_STYLE = Automatic;
				CURRENT_PROJECT_VERSION = 1;
				DEVELOPMENT_TEAM = PD34JFKS85;
				GENERATE_INFOPLIST_FILE = YES;
				IPHONEOS_DEPLOYMENT_TARGET = 17.5;
				MARKETING_VERSION = 1.0;
				PRODUCT_BUNDLE_IDENTIFIER = com.sarpusta.DynamicNoteCalculatorTests;
				PRODUCT_NAME = "$(TARGET_NAME)";
				SWIFT_EMIT_LOC_STRINGS = NO;
				SWIFT_VERSION = 5.0;
				TARGETED_DEVICE_FAMILY = "1,2";
				TEST_HOST = "$(BUILT_PRODUCTS_DIR)/DynamicNoteCalculator.app/$(BUNDLE_EXECUTABLE_FOLDER_PATH)/DynamicNoteCalculator";
			};
			name = Release;
		};
		83CB4B772C98160600599872 /* Debug */ = {
			isa = XCBuildConfiguration;
			buildSettings = {
				ALWAYS_EMBED_SWIFT_STANDARD_LIBRARIES = YES;
				CODE_SIGN_STYLE = Automatic;
				CURRENT_PROJECT_VERSION = 1;
				DEVELOPMENT_TEAM = PD34JFKS85;
				GENERATE_INFOPLIST_FILE = YES;
				MARKETING_VERSION = 1.0;
				PRODUCT_BUNDLE_IDENTIFIER = com.sarpusta.DynamicNoteCalculatorUITests;
				PRODUCT_NAME = "$(TARGET_NAME)";
				SWIFT_EMIT_LOC_STRINGS = NO;
				SWIFT_VERSION = 5.0;
				TARGETED_DEVICE_FAMILY = "1,2";
				TEST_TARGET_NAME = DynamicNoteCalculator;
			};
			name = Debug;
		};
		83CB4B782C98160600599872 /* Release */ = {
			isa = XCBuildConfiguration;
			buildSettings = {
				ALWAYS_EMBED_SWIFT_STANDARD_LIBRARIES = YES;
				CODE_SIGN_STYLE = Automatic;
				CURRENT_PROJECT_VERSION = 1;
				DEVELOPMENT_TEAM = PD34JFKS85;
				GENERATE_INFOPLIST_FILE = YES;
				MARKETING_VERSION = 1.0;
				PRODUCT_BUNDLE_IDENTIFIER = com.sarpusta.DynamicNoteCalculatorUITests;
				PRODUCT_NAME = "$(TARGET_NAME)";
				SWIFT_EMIT_LOC_STRINGS = NO;
				SWIFT_VERSION = 5.0;
				TARGETED_DEVICE_FAMILY = "1,2";
				TEST_TARGET_NAME = DynamicNoteCalculator;
			};
			name = Release;
		};
/* End XCBuildConfiguration section */

/* Begin XCConfigurationList section */
		83CB4B472C98160500599872 /* Build configuration list for PBXProject "DynamicNoteCalculator" */ = {
			isa = XCConfigurationList;
			buildConfigurations = (
				83CB4B6E2C98160600599872 /* Debug */,
				83CB4B6F2C98160600599872 /* Release */,
			);
			defaultConfigurationIsVisible = 0;
			defaultConfigurationName = Release;
		};
		83CB4B702C98160600599872 /* Build configuration list for PBXNativeTarget "DynamicNoteCalculator" */ = {
			isa = XCConfigurationList;
			buildConfigurations = (
				83CB4B712C98160600599872 /* Debug */,
				83CB4B722C98160600599872 /* Release */,
			);
			defaultConfigurationIsVisible = 0;
			defaultConfigurationName = Release;
		};
		83CB4B732C98160600599872 /* Build configuration list for PBXNativeTarget "DynamicNoteCalculatorTests" */ = {
			isa = XCConfigurationList;
			buildConfigurations = (
				83CB4B742C98160600599872 /* Debug */,
				83CB4B752C98160600599872 /* Release */,
			);
			defaultConfigurationIsVisible = 0;
			defaultConfigurationName = Release;
		};
		83CB4B762C98160600599872 /* Build configuration list for PBXNativeTarget "DynamicNoteCalculatorUITests" */ = {
			isa = XCConfigurationList;
			buildConfigurations = (
				83CB4B772C98160600599872 /* Debug */,
				83CB4B782C98160600599872 /* Release */,
			);
			defaultConfigurationIsVisible = 0;
			defaultConfigurationName = Release;
		};
/* End XCConfigurationList section */
	};
	rootObject = 83CB4B442C98160500599872 /* Project object */;
}
